
Microsoft Visual Studio Solution File, Format Version 12.00
# Visual Studio Version 17
VisualStudioVersion = 17.7.34031.279
MinimumVisualStudioVersion = 10.0.40219.1
Project("{FAE04EC0-301F-11D3-BF4B-00C04F79EFBC}") = "TestTecnico", "TestTecnico.csproj", "{64B5F4EC-9FED-4AF0-9D08-B054A3F72F96}"
EndProject
Global
	GlobalSection(SolutionConfigurationPlatforms) = preSolution
		Debug|Any CPU = Debug|Any CPU
		Release|Any CPU = Release|Any CPU
	EndGlobalSection
	GlobalSection(ProjectConfigurationPlatforms) = postSolution
		{64B5F4EC-9FED-4AF0-9D08-B054A3F72F96}.Debug|Any CPU.ActiveCfg = Debug|Any CPU
		{64B5F4EC-9FED-4AF0-9D08-B054A3F72F96}.Debug|Any CPU.Build.0 = Debug|Any CPU
		{64B5F4EC-9FED-4AF0-9D08-B054A3F72F96}.Release|Any CPU.ActiveCfg = Release|Any CPU
		{64B5F4EC-9FED-4AF0-9D08-B054A3F72F96}.Release|Any CPU.Build.0 = Release|Any CPU
	EndGlobalSection
	GlobalSection(SolutionProperties) = preSolution
		HideSolutionNode = FALSE
	EndGlobalSection
	GlobalSection(ExtensibilityGlobals) = postSolution
		SolutionGuid = {4DB1E847-B2CA-496F-9B41-90CC2AD74E19}
	EndGlobalSection
EndGlobal
